// !$*UTF8*$!
{
	archiveVersion = 1;
	classes = {
	};
	objectVersion = 56;
	objects = {

/* Begin PBXBuildFile section */
		7E68D0AF29F1BDEE00D0EE02 /* CaloriesAppApp.swift in Sources */ = {isa = PBXBuildFile; fileRef = 7E68D0AE29F1BDEE00D0EE02 /* CaloriesAppApp.swift */; };
		7E68D0B129F1BDEE00D0EE02 /* ContentView.swift in Sources */ = {isa = PBXBuildFile; fileRef = 7E68D0B029F1BDEE00D0EE02 /* ContentView.swift */; };
		7E68D0B329F1BDEF00D0EE02 /* Assets.xcassets in Resources */ = {isa = PBXBuildFile; fileRef = 7E68D0B229F1BDEF00D0EE02 /* Assets.xcassets */; };
		7E68D0B629F1BDEF00D0EE02 /* Preview Assets.xcassets in Resources */ = {isa = PBXBuildFile; fileRef = 7E68D0B529F1BDEF00D0EE02 /* Preview Assets.xcassets */; };
		7E702DC029F3BCB3005FD4AB /* GoogleService-Info.plist in Resources */ = {isa = PBXBuildFile; fileRef = 7E702DBF29F3BCB3005FD4AB /* GoogleService-Info.plist */; };
		7E702DC329F3BD2A005FD4AB /* FirebaseAnalytics in Frameworks */ = {isa = PBXBuildFile; productRef = 7E702DC229F3BD2A005FD4AB /* FirebaseAnalytics */; };
		7E702DC529F3BD2A005FD4AB /* FirebaseAuth in Frameworks */ = {isa = PBXBuildFile; productRef = 7E702DC429F3BD2A005FD4AB /* FirebaseAuth */; };
		7E702DC729F3BD2A005FD4AB /* FirebaseDatabase in Frameworks */ = {isa = PBXBuildFile; productRef = 7E702DC629F3BD2A005FD4AB /* FirebaseDatabase */; };
		7E702DC929F3BD2A005FD4AB /* FirebaseFirestore in Frameworks */ = {isa = PBXBuildFile; productRef = 7E702DC829F3BD2A005FD4AB /* FirebaseFirestore */; };
		7E702DCF29F3BE92005FD4AB /* AuthView.swift in Sources */ = {isa = PBXBuildFile; fileRef = 7E702DCE29F3BE92005FD4AB /* AuthView.swift */; };
		7E702DD129F3BF64005FD4AB /* AuthViewModel.swift in Sources */ = {isa = PBXBuildFile; fileRef = 7E702DD029F3BF64005FD4AB /* AuthViewModel.swift */; };
		7E801A9729F9550A00AAB764 /* MainView.swift in Sources */ = {isa = PBXBuildFile; fileRef = 7E801A9629F9550A00AAB764 /* MainView.swift */; };
		7E801A9A29F958BD00AAB764 /* SlidingTabView in Frameworks */ = {isa = PBXBuildFile; productRef = 7E801A9929F958BD00AAB764 /* SlidingTabView */; };
		7E858CA929FA82A40060A41E /* MainViewModel.swift in Sources */ = {isa = PBXBuildFile; fileRef = 7E858CA829FA82A40060A41E /* MainViewModel.swift */; };
		7EA24AB729F7E06C00B2B65B /* AuthModel.swift in Sources */ = {isa = PBXBuildFile; fileRef = 7EA24AB629F7E06C00B2B65B /* AuthModel.swift */; };
		7EA24AB929F8566A00B2B65B /* MainScreen.swift in Sources */ = {isa = PBXBuildFile; fileRef = 7EA24AB829F8566A00B2B65B /* MainScreen.swift */; };
		7EA24ABB29F856DD00B2B65B /* StrokeTextView.swift in Sources */ = {isa = PBXBuildFile; fileRef = 7EA24ABA29F856DD00B2B65B /* StrokeTextView.swift */; };
/* End PBXBuildFile section */

/* Begin PBXFileReference section */
		7E68D0AB29F1BDEE00D0EE02 /* CaloriesApp.app */ = {isa = PBXFileReference; explicitFileType = wrapper.application; includeInIndex = 0; path = CaloriesApp.app; sourceTree = BUILT_PRODUCTS_DIR; };
		7E68D0AE29F1BDEE00D0EE02 /* CaloriesAppApp.swift */ = {isa = PBXFileReference; lastKnownFileType = sourcecode.swift; path = CaloriesAppApp.swift; sourceTree = "<group>"; };
		7E68D0B029F1BDEE00D0EE02 /* ContentView.swift */ = {isa = PBXFileReference; lastKnownFileType = sourcecode.swift; path = ContentView.swift; sourceTree = "<group>"; };
		7E68D0B229F1BDEF00D0EE02 /* Assets.xcassets */ = {isa = PBXFileReference; lastKnownFileType = folder.assetcatalog; path = Assets.xcassets; sourceTree = "<group>"; };
		7E68D0B529F1BDEF00D0EE02 /* Preview Assets.xcassets */ = {isa = PBXFileReference; lastKnownFileType = folder.assetcatalog; path = "Preview Assets.xcassets"; sourceTree = "<group>"; };
		7E702DBF29F3BCB3005FD4AB /* GoogleService-Info.plist */ = {isa = PBXFileReference; fileEncoding = 4; lastKnownFileType = text.plist.xml; name = "GoogleService-Info.plist"; path = "../../../../Downloads/GoogleService-Info.plist"; sourceTree = "<group>"; };
		7E702DCE29F3BE92005FD4AB /* AuthView.swift */ = {isa = PBXFileReference; lastKnownFileType = sourcecode.swift; path = AuthView.swift; sourceTree = "<group>"; };
		7E702DD029F3BF64005FD4AB /* AuthViewModel.swift */ = {isa = PBXFileReference; lastKnownFileType = sourcecode.swift; path = AuthViewModel.swift; sourceTree = "<group>"; };
		7E801A9629F9550A00AAB764 /* MainView.swift */ = {isa = PBXFileReference; lastKnownFileType = sourcecode.swift; path = MainView.swift; sourceTree = "<group>"; };
		7E858CA829FA82A40060A41E /* MainViewModel.swift */ = {isa = PBXFileReference; lastKnownFileType = sourcecode.swift; path = MainViewModel.swift; sourceTree = "<group>"; };
		7EA24AB629F7E06C00B2B65B /* AuthModel.swift */ = {isa = PBXFileReference; lastKnownFileType = sourcecode.swift; path = AuthModel.swift; sourceTree = "<group>"; };
		7EA24AB829F8566A00B2B65B /* MainScreen.swift */ = {isa = PBXFileReference; lastKnownFileType = sourcecode.swift; path = MainScreen.swift; sourceTree = "<group>"; };
		7EA24ABA29F856DD00B2B65B /* StrokeTextView.swift */ = {isa = PBXFileReference; lastKnownFileType = sourcecode.swift; path = StrokeTextView.swift; sourceTree = "<group>"; };
/* End PBXFileReference section */

/* Begin PBXFrameworksBuildPhase section */
		7E68D0A829F1BDEE00D0EE02 /* Frameworks */ = {
			isa = PBXFrameworksBuildPhase;
			buildActionMask = 2147483647;
			files = (
				7E702DC729F3BD2A005FD4AB /* FirebaseDatabase in Frameworks */,
				7E801A9A29F958BD00AAB764 /* SlidingTabView in Frameworks */,
				7E702DC929F3BD2A005FD4AB /* FirebaseFirestore in Frameworks */,
				7E702DC329F3BD2A005FD4AB /* FirebaseAnalytics in Frameworks */,
				7E702DC529F3BD2A005FD4AB /* FirebaseAuth in Frameworks */,
			);
			runOnlyForDeploymentPostprocessing = 0;
		};
/* End PBXFrameworksBuildPhase section */

/* Begin PBXGroup section */
		7E68D0A229F1BDEE00D0EE02 = {
			isa = PBXGroup;
			children = (
				7E68D0AD29F1BDEE00D0EE02 /* CaloriesApp */,
				7E68D0AC29F1BDEE00D0EE02 /* Products */,
			);
			sourceTree = "<group>";
		};
		7E68D0AC29F1BDEE00D0EE02 /* Products */ = {
			isa = PBXGroup;
			children = (
				7E68D0AB29F1BDEE00D0EE02 /* CaloriesApp.app */,
			);
			name = Products;
			sourceTree = "<group>";
		};
		7E68D0AD29F1BDEE00D0EE02 /* CaloriesApp */ = {
			isa = PBXGroup;
			children = (
				7E68D0AE29F1BDEE00D0EE02 /* CaloriesAppApp.swift */,
				7E702DCA29F3BE47005FD4AB /* Authentication */,
				7E68D0B029F1BDEE00D0EE02 /* ContentView.swift */,
				7E702DBF29F3BCB3005FD4AB /* GoogleService-Info.plist */,
				7E68D0B229F1BDEF00D0EE02 /* Assets.xcassets */,
				7E68D0B429F1BDEF00D0EE02 /* Preview Content */,
				7EA24AB829F8566A00B2B65B /* MainScreen.swift */,
				7EA24ABA29F856DD00B2B65B /* StrokeTextView.swift */,
				7E801A9629F9550A00AAB764 /* MainView.swift */,
				7E858CA829FA82A40060A41E /* MainViewModel.swift */,
			);
			path = CaloriesApp;
			sourceTree = "<group>";
		};
		7E68D0B429F1BDEF00D0EE02 /* Preview Content */ = {
			isa = PBXGroup;
			children = (
				7E68D0B529F1BDEF00D0EE02 /* Preview Assets.xcassets */,
			);
			path = "Preview Content";
			sourceTree = "<group>";
		};
		7E702DCA29F3BE47005FD4AB /* Authentication */ = {
			isa = PBXGroup;
			children = (
				7E702DCD29F3BE6E005FD4AB /* ViewModel */,
				7E702DCC29F3BE69005FD4AB /* VIew */,
				7E702DCB29F3BE5D005FD4AB /* Model */,
			);
			path = Authentication;
			sourceTree = "<group>";
		};
		7E702DCB29F3BE5D005FD4AB /* Model */ = {
			isa = PBXGroup;
			children = (
				7EA24AB629F7E06C00B2B65B /* AuthModel.swift */,
			);
			path = Model;
			sourceTree = "<group>";
		};
		7E702DCC29F3BE69005FD4AB /* VIew */ = {
			isa = PBXGroup;
			children = (
				7E702DCE29F3BE92005FD4AB /* AuthView.swift */,
			);
			path = VIew;
			sourceTree = "<group>";
		};
		7E702DCD29F3BE6E005FD4AB /* ViewModel */ = {
			isa = PBXGroup;
			children = (
				7E702DD029F3BF64005FD4AB /* AuthViewModel.swift */,
			);
			path = ViewModel;
			sourceTree = "<group>";
		};
/* End PBXGroup section */

/* Begin PBXNativeTarget section */
		7E68D0AA29F1BDEE00D0EE02 /* CaloriesApp */ = {
			isa = PBXNativeTarget;
			buildConfigurationList = 7E68D0B929F1BDEF00D0EE02 /* Build configuration list for PBXNativeTarget "CaloriesApp" */;
			buildPhases = (
				7E68D0A729F1BDEE00D0EE02 /* Sources */,
				7E68D0A829F1BDEE00D0EE02 /* Frameworks */,
				7E68D0A929F1BDEE00D0EE02 /* Resources */,
			);
			buildRules = (
			);
			dependencies = (
			);
			name = CaloriesApp;
			packageProductDependencies = (
				7E702DC229F3BD2A005FD4AB /* FirebaseAnalytics */,
				7E702DC429F3BD2A005FD4AB /* FirebaseAuth */,
				7E702DC629F3BD2A005FD4AB /* FirebaseDatabase */,
				7E702DC829F3BD2A005FD4AB /* FirebaseFirestore */,
				7E801A9929F958BD00AAB764 /* SlidingTabView */,
			);
			productName = CaloriesApp;
			productReference = 7E68D0AB29F1BDEE00D0EE02 /* CaloriesApp.app */;
			productType = "com.apple.product-type.application";
		};
/* End PBXNativeTarget section */

/* Begin PBXProject section */
		7E68D0A329F1BDEE00D0EE02 /* Project object */ = {
			isa = PBXProject;
			attributes = {
				BuildIndependentTargetsInParallel = 1;
				LastSwiftUpdateCheck = 1430;
				LastUpgradeCheck = 1430;
				TargetAttributes = {
					7E68D0AA29F1BDEE00D0EE02 = {
						CreatedOnToolsVersion = 14.3;
					};
				};
			};
			buildConfigurationList = 7E68D0A629F1BDEE00D0EE02 /* Build configuration list for PBXProject "CaloriesApp" */;
			compatibilityVersion = "Xcode 14.0";
			developmentRegion = en;
			hasScannedForEncodings = 0;
			knownRegions = (
				en,
				Base,
			);
			mainGroup = 7E68D0A229F1BDEE00D0EE02;
			packageReferences = (
				7E702DC129F3BD2A005FD4AB /* XCRemoteSwiftPackageReference "firebase-ios-sdk" */,
				7E801A9829F958BD00AAB764 /* XCRemoteSwiftPackageReference "SlidingTabView" */,
			);
			productRefGroup = 7E68D0AC29F1BDEE00D0EE02 /* Products */;
			projectDirPath = "";
			projectRoot = "";
			targets = (
				7E68D0AA29F1BDEE00D0EE02 /* CaloriesApp */,
			);
		};
/* End PBXProject section */

/* Begin PBXResourcesBuildPhase section */
		7E68D0A929F1BDEE00D0EE02 /* Resources */ = {
			isa = PBXResourcesBuildPhase;
			buildActionMask = 2147483647;
			files = (
				7E68D0B629F1BDEF00D0EE02 /* Preview Assets.xcassets in Resources */,
				7E68D0B329F1BDEF00D0EE02 /* Assets.xcassets in Resources */,
				7E702DC029F3BCB3005FD4AB /* GoogleService-Info.plist in Resources */,
			);
			runOnlyForDeploymentPostprocessing = 0;
		};
/* End PBXResourcesBuildPhase section */

/* Begin PBXSourcesBuildPhase section */
		7E68D0A729F1BDEE00D0EE02 /* Sources */ = {
			isa = PBXSourcesBuildPhase;
			buildActionMask = 2147483647;
			files = (
				7EA24AB929F8566A00B2B65B /* MainScreen.swift in Sources */,
				7E801A9729F9550A00AAB764 /* MainView.swift in Sources */,
				7E702DD129F3BF64005FD4AB /* AuthViewModel.swift in Sources */,
				7E68D0B129F1BDEE00D0EE02 /* ContentView.swift in Sources */,
				7E68D0AF29F1BDEE00D0EE02 /* CaloriesAppApp.swift in Sources */,
				7E702DCF29F3BE92005FD4AB /* AuthView.swift in Sources */,
				7EA24ABB29F856DD00B2B65B /* StrokeTextView.swift in Sources */,
				7EA24AB729F7E06C00B2B65B /* AuthModel.swift in Sources */,
				7E858CA929FA82A40060A41E /* MainViewModel.swift in Sources */,
			);
			runOnlyForDeploymentPostprocessing = 0;
		};
/* End PBXSourcesBuildPhase section */

/* Begin XCBuildConfiguration section */
		7E68D0B729F1BDEF00D0EE02 /* Debug */ = {
			isa = XCBuildConfiguration;
			buildSettings = {
				ALWAYS_SEARCH_USER_PATHS = NO;
				CLANG_ANALYZER_NONNULL = YES;
				CLANG_ANALYZER_NUMBER_OBJECT_CONVERSION = YES_AGGRESSIVE;
				CLANG_CXX_LANGUAGE_STANDARD = "gnu++20";
				CLANG_ENABLE_MODULES = YES;
				CLANG_ENABLE_OBJC_ARC = YES;
				CLANG_ENABLE_OBJC_WEAK = YES;
				CLANG_WARN_BLOCK_CAPTURE_AUTORELEASING = YES;
				CLANG_WARN_BOOL_CONVERSION = YES;
				CLANG_WARN_COMMA = YES;
				CLANG_WARN_CONSTANT_CONVERSION = YES;
				CLANG_WARN_DEPRECATED_OBJC_IMPLEMENTATIONS = YES;
				CLANG_WARN_DIRECT_OBJC_ISA_USAGE = YES_ERROR;
				CLANG_WARN_DOCUMENTATION_COMMENTS = YES;
				CLANG_WARN_EMPTY_BODY = YES;
				CLANG_WARN_ENUM_CONVERSION = YES;
				CLANG_WARN_INFINITE_RECURSION = YES;
				CLANG_WARN_INT_CONVERSION = YES;
				CLANG_WARN_NON_LITERAL_NULL_CONVERSION = YES;
				CLANG_WARN_OBJC_IMPLICIT_RETAIN_SELF = YES;
				CLANG_WARN_OBJC_LITERAL_CONVERSION = YES;
				CLANG_WARN_OBJC_ROOT_CLASS = YES_ERROR;
				CLANG_WARN_QUOTED_INCLUDE_IN_FRAMEWORK_HEADER = YES;
				CLANG_WARN_RANGE_LOOP_ANALYSIS = YES;
				CLANG_WARN_STRICT_PROTOTYPES = YES;
				CLANG_WARN_SUSPICIOUS_MOVE = YES;
				CLANG_WARN_UNGUARDED_AVAILABILITY = YES_AGGRESSIVE;
				CLANG_WARN_UNREACHABLE_CODE = YES;
				CLANG_WARN__DUPLICATE_METHOD_MATCH = YES;
				COPY_PHASE_STRIP = NO;
				DEBUG_INFORMATION_FORMAT = dwarf;
				ENABLE_STRICT_OBJC_MSGSEND = YES;
				ENABLE_TESTABILITY = YES;
				GCC_C_LANGUAGE_STANDARD = gnu11;
				GCC_DYNAMIC_NO_PIC = NO;
				GCC_NO_COMMON_BLOCKS = YES;
				GCC_OPTIMIZATION_LEVEL = 0;
				GCC_PREPROCESSOR_DEFINITIONS = (
					"DEBUG=1",
					"$(inherited)",
				);
				GCC_WARN_64_TO_32_BIT_CONVERSION = YES;
				GCC_WARN_ABOUT_RETURN_TYPE = YES_ERROR;
				GCC_WARN_UNDECLARED_SELECTOR = YES;
				GCC_WARN_UNINITIALIZED_AUTOS = YES_AGGRESSIVE;
				GCC_WARN_UNUSED_FUNCTION = YES;
				GCC_WARN_UNUSED_VARIABLE = YES;
				IPHONEOS_DEPLOYMENT_TARGET = 14.0;
				MTL_ENABLE_DEBUG_INFO = INCLUDE_SOURCE;
				MTL_FAST_MATH = YES;
				ONLY_ACTIVE_ARCH = YES;
				SDKROOT = iphoneos;
				SWIFT_ACTIVE_COMPILATION_CONDITIONS = DEBUG;
				SWIFT_OPTIMIZATION_LEVEL = "-Onone";
			};
			name = Debug;
		};
		7E68D0B829F1BDEF00D0EE02 /* Release */ = {
			isa = XCBuildConfiguration;
			buildSettings = {
				ALWAYS_SEARCH_USER_PATHS = NO;
				CLANG_ANALYZER_NONNULL = YES;
				CLANG_ANALYZER_NUMBER_OBJECT_CONVERSION = YES_AGGRESSIVE;
				CLANG_CXX_LANGUAGE_STANDARD = "gnu++20";
				CLANG_ENABLE_MODULES = YES;
				CLANG_ENABLE_OBJC_ARC = YES;
				CLANG_ENABLE_OBJC_WEAK = YES;
				CLANG_WARN_BLOCK_CAPTURE_AUTORELEASING = YES;
				CLANG_WARN_BOOL_CONVERSION = YES;
				CLANG_WARN_COMMA = YES;
				CLANG_WARN_CONSTANT_CONVERSION = YES;
				CLANG_WARN_DEPRECATED_OBJC_IMPLEMENTATIONS = YES;
				CLANG_WARN_DIRECT_OBJC_ISA_USAGE = YES_ERROR;
				CLANG_WARN_DOCUMENTATION_COMMENTS = YES;
				CLANG_WARN_EMPTY_BODY = YES;
				CLANG_WARN_ENUM_CONVERSION = YES;
				CLANG_WARN_INFINITE_RECURSION = YES;
				CLANG_WARN_INT_CONVERSION = YES;
				CLANG_WARN_NON_LITERAL_NULL_CONVERSION = YES;
				CLANG_WARN_OBJC_IMPLICIT_RETAIN_SELF = YES;
				CLANG_WARN_OBJC_LITERAL_CONVERSION = YES;
				CLANG_WARN_OBJC_ROOT_CLASS = YES_ERROR;
				CLANG_WARN_QUOTED_INCLUDE_IN_FRAMEWORK_HEADER = YES;
				CLANG_WARN_RANGE_LOOP_ANALYSIS = YES;
				CLANG_WARN_STRICT_PROTOTYPES = YES;
				CLANG_WARN_SUSPICIOUS_MOVE = YES;
				CLANG_WARN_UNGUARDED_AVAILABILITY = YES_AGGRESSIVE;
				CLANG_WARN_UNREACHABLE_CODE = YES;
				CLANG_WARN__DUPLICATE_METHOD_MATCH = YES;
				COPY_PHASE_STRIP = NO;
				DEBUG_INFORMATION_FORMAT = "dwarf-with-dsym";
				ENABLE_NS_ASSERTIONS = NO;
				ENABLE_STRICT_OBJC_MSGSEND = YES;
				GCC_C_LANGUAGE_STANDARD = gnu11;
				GCC_NO_COMMON_BLOCKS = YES;
				GCC_WARN_64_TO_32_BIT_CONVERSION = YES;
				GCC_WARN_ABOUT_RETURN_TYPE = YES_ERROR;
				GCC_WARN_UNDECLARED_SELECTOR = YES;
				GCC_WARN_UNINITIALIZED_AUTOS = YES_AGGRESSIVE;
				GCC_WARN_UNUSED_FUNCTION = YES;
				GCC_WARN_UNUSED_VARIABLE = YES;
				IPHONEOS_DEPLOYMENT_TARGET = 14.0;
				MTL_ENABLE_DEBUG_INFO = NO;
				MTL_FAST_MATH = YES;
				SDKROOT = iphoneos;
				SWIFT_COMPILATION_MODE = wholemodule;
				SWIFT_OPTIMIZATION_LEVEL = "-O";
				VALIDATE_PRODUCT = YES;
			};
			name = Release;
		};
		7E68D0BA29F1BDEF00D0EE02 /* Debug */ = {
			isa = XCBuildConfiguration;
			buildSettings = {
				ASSETCATALOG_COMPILER_APPICON_NAME = AppIcon;
				ASSETCATALOG_COMPILER_GLOBAL_ACCENT_COLOR_NAME = AccentColor;
				CODE_SIGN_STYLE = Automatic;
				CURRENT_PROJECT_VERSION = 1;
				DEVELOPMENT_ASSET_PATHS = "\"CaloriesApp/Preview Content\"";
				DEVELOPMENT_TEAM = 328QJG8DC6;
				ENABLE_PREVIEWS = YES;
				GENERATE_INFOPLIST_FILE = YES;
				INFOPLIST_KEY_UIApplicationSceneManifest_Generation = YES;
				INFOPLIST_KEY_UIApplicationSupportsIndirectInputEvents = YES;
				INFOPLIST_KEY_UILaunchScreen_Generation = YES;
				INFOPLIST_KEY_UISupportedInterfaceOrientations_iPad = "UIInterfaceOrientationPortrait UIInterfaceOrientationPortraitUpsideDown UIInterfaceOrientationLandscapeLeft UIInterfaceOrientationLandscapeRight";
				INFOPLIST_KEY_UISupportedInterfaceOrientations_iPhone = "UIInterfaceOrientationPortrait UIInterfaceOrientationLandscapeLeft UIInterfaceOrientationLandscapeRight";
				IPHONEOS_DEPLOYMENT_TARGET = 14.0;
				LD_RUNPATH_SEARCH_PATHS = (
					"$(inherited)",
					"@executable_path/Frameworks",
				);
				MARKETING_VERSION = 1.0;
				PRODUCT_BUNDLE_IDENTIFIER = danil.CaloriesApp;
				PRODUCT_NAME = "$(TARGET_NAME)";
				SWIFT_EMIT_LOC_STRINGS = YES;
				SWIFT_VERSION = 5.0;
				TARGETED_DEVICE_FAMILY = "1,2";
			};
			name = Debug;
		};
		7E68D0BB29F1BDEF00D0EE02 /* Release */ = {
			isa = XCBuildConfiguration;
			buildSettings = {
				ASSETCATALOG_COMPILER_APPICON_NAME = AppIcon;
				ASSETCATALOG_COMPILER_GLOBAL_ACCENT_COLOR_NAME = AccentColor;
				CODE_SIGN_STYLE = Automatic;
				CURRENT_PROJECT_VERSION = 1;
				DEVELOPMENT_ASSET_PATHS = "\"CaloriesApp/Preview Content\"";
				DEVELOPMENT_TEAM = 328QJG8DC6;
				ENABLE_PREVIEWS = YES;
				GENERATE_INFOPLIST_FILE = YES;
				INFOPLIST_KEY_UIApplicationSceneManifest_Generation = YES;
				INFOPLIST_KEY_UIApplicationSupportsIndirectInputEvents = YES;
				INFOPLIST_KEY_UILaunchScreen_Generation = YES;
				INFOPLIST_KEY_UISupportedInterfaceOrientations_iPad = "UIInterfaceOrientationPortrait UIInterfaceOrientationPortraitUpsideDown UIInterfaceOrientationLandscapeLeft UIInterfaceOrientationLandscapeRight";
				INFOPLIST_KEY_UISupportedInterfaceOrientations_iPhone = "UIInterfaceOrientationPortrait UIInterfaceOrientationLandscapeLeft UIInterfaceOrientationLandscapeRight";
				IPHONEOS_DEPLOYMENT_TARGET = 14.0;
				LD_RUNPATH_SEARCH_PATHS = (
					"$(inherited)",
					"@executable_path/Frameworks",
				);
				MARKETING_VERSION = 1.0;
				PRODUCT_BUNDLE_IDENTIFIER = danil.CaloriesApp;
				PRODUCT_NAME = "$(TARGET_NAME)";
				SWIFT_EMIT_LOC_STRINGS = YES;
				SWIFT_VERSION = 5.0;
				TARGETED_DEVICE_FAMILY = "1,2";
			};
			name = Release;
		};
/* End XCBuildConfiguration section */

/* Begin XCConfigurationList section */
		7E68D0A629F1BDEE00D0EE02 /* Build configuration list for PBXProject "CaloriesApp" */ = {
			isa = XCConfigurationList;
			buildConfigurations = (
				7E68D0B729F1BDEF00D0EE02 /* Debug */,
				7E68D0B829F1BDEF00D0EE02 /* Release */,
			);
			defaultConfigurationIsVisible = 0;
			defaultConfigurationName = Release;
		};
		7E68D0B929F1BDEF00D0EE02 /* Build configuration list for PBXNativeTarget "CaloriesApp" */ = {
			isa = XCConfigurationList;
			buildConfigurations = (
				7E68D0BA29F1BDEF00D0EE02 /* Debug */,
				7E68D0BB29F1BDEF00D0EE02 /* Release */,
			);
			defaultConfigurationIsVisible = 0;
			defaultConfigurationName = Release;
		};
/* End XCConfigurationList section */

/* Begin XCRemoteSwiftPackageReference section */
		7E702DC129F3BD2A005FD4AB /* XCRemoteSwiftPackageReference "firebase-ios-sdk" */ = {
			isa = XCRemoteSwiftPackageReference;
			repositoryURL = "https://github.com/firebase/firebase-ios-sdk";
			requirement = {
				kind = upToNextMajorVersion;
				minimumVersion = 10.0.0;
			};
		};
		7E801A9829F958BD00AAB764 /* XCRemoteSwiftPackageReference "SlidingTabView" */ = {
			isa = XCRemoteSwiftPackageReference;
			repositoryURL = "https://github.com/QuynhNguyen/SlidingTabView";
			requirement = {
				kind = upToNextMajorVersion;
				minimumVersion = 1.0.0;
			};
		};
/* End XCRemoteSwiftPackageReference section */

/* Begin XCSwiftPackageProductDependency section */
		7E702DC229F3BD2A005FD4AB /* FirebaseAnalytics */ = {
			isa = XCSwiftPackageProductDependency;
			package = 7E702DC129F3BD2A005FD4AB /* XCRemoteSwiftPackageReference "firebase-ios-sdk" */;
			productName = FirebaseAnalytics;
		};
		7E702DC429F3BD2A005FD4AB /* FirebaseAuth */ = {
			isa = XCSwiftPackageProductDependency;
			package = 7E702DC129F3BD2A005FD4AB /* XCRemoteSwiftPackageReference "firebase-ios-sdk" */;
			productName = FirebaseAuth;
		};
		7E702DC629F3BD2A005FD4AB /* FirebaseDatabase */ = {
			isa = XCSwiftPackageProductDependency;
			package = 7E702DC129F3BD2A005FD4AB /* XCRemoteSwiftPackageReference "firebase-ios-sdk" */;
			productName = FirebaseDatabase;
		};
		7E702DC829F3BD2A005FD4AB /* FirebaseFirestore */ = {
			isa = XCSwiftPackageProductDependency;
			package = 7E702DC129F3BD2A005FD4AB /* XCRemoteSwiftPackageReference "firebase-ios-sdk" */;
			productName = FirebaseFirestore;
		};
		7E801A9929F958BD00AAB764 /* SlidingTabView */ = {
			isa = XCSwiftPackageProductDependency;
			package = 7E801A9829F958BD00AAB764 /* XCRemoteSwiftPackageReference "SlidingTabView" */;
			productName = SlidingTabView;
		};
/* End XCSwiftPackageProductDependency section */
	};
	rootObject = 7E68D0A329F1BDEE00D0EE02 /* Project object */;
}
