// !$*UTF8*$!
{
	archiveVersion = 1;
	classes = {
	};
	objectVersion = 56;
	objects = {

/* Begin PBXBuildFile section */
		7E1AB9412A626A370005E819 /* KeyboardDetect.swift in Sources */ = {isa = PBXBuildFile; fileRef = 7E1AB9402A626A370005E819 /* KeyboardDetect.swift */; };
		7E39BBBD2A4D855700E017ED /* GoogleService-Info.plist in Resources */ = {isa = PBXBuildFile; fileRef = 7E39BBBC2A4D855700E017ED /* GoogleService-Info.plist */; };
		7E39BBC02A4D900D00E017ED /* CaloriesView.swift in Sources */ = {isa = PBXBuildFile; fileRef = 7E39BBBF2A4D900D00E017ED /* CaloriesView.swift */; };
		7E39BBC22A4D902100E017ED /* CaloriesViewModel.swift in Sources */ = {isa = PBXBuildFile; fileRef = 7E39BBC12A4D902100E017ED /* CaloriesViewModel.swift */; };
		7E39BBC42A4D902A00E017ED /* CaloriesModel.swift in Sources */ = {isa = PBXBuildFile; fileRef = 7E39BBC32A4D902A00E017ED /* CaloriesModel.swift */; };
		7E39BBC62A50630F00E017ED /* CaloriesFrontSide.swift in Sources */ = {isa = PBXBuildFile; fileRef = 7E39BBC52A50630F00E017ED /* CaloriesFrontSide.swift */; };
		7E39BBC82A50631800E017ED /* CaloriesBackSide.swift in Sources */ = {isa = PBXBuildFile; fileRef = 7E39BBC72A50631800E017ED /* CaloriesBackSide.swift */; };
		7E45C1CB2AA4B9F400E011E7 /* ProgressWeightModel.swift in Sources */ = {isa = PBXBuildFile; fileRef = 7E45C1CA2AA4B9F400E011E7 /* ProgressWeightModel.swift */; };
		7E4BD96C2A6E3C5000AB045E /* CaloriesAppTests.swift in Sources */ = {isa = PBXBuildFile; fileRef = 7E4BD96B2A6E3C5000AB045E /* CaloriesAppTests.swift */; };
		7E4BD9782A6E3E5400AB045E /* FirebaseAuth in Frameworks */ = {isa = PBXBuildFile; productRef = 7E4BD9772A6E3E5400AB045E /* FirebaseAuth */; };
		7E4BD97E2A6E5EF100AB045E /* ViewQuestions.swift in Sources */ = {isa = PBXBuildFile; fileRef = 7E4BD97D2A6E5EF100AB045E /* ViewQuestions.swift */; };
		7E4BD9802A6E70D000AB045E /* AuthViewMain.swift in Sources */ = {isa = PBXBuildFile; fileRef = 7E4BD97F2A6E70D000AB045E /* AuthViewMain.swift */; };
		7E6176222A33325B00FEB4DD /* ScaleScreen.swift in Sources */ = {isa = PBXBuildFile; fileRef = 7E6176212A33325B00FEB4DD /* ScaleScreen.swift */; };
		7E649CB72AAC8BC600291F17 /* CodeScanner in Frameworks */ = {isa = PBXBuildFile; productRef = 7E649CB62AAC8BC600291F17 /* CodeScanner */; };
		7E68D0AF29F1BDEE00D0EE02 /* CaloriesAppApp.swift in Sources */ = {isa = PBXBuildFile; fileRef = 7E68D0AE29F1BDEE00D0EE02 /* CaloriesAppApp.swift */; };
		7E68D0B129F1BDEE00D0EE02 /* ContentView.swift in Sources */ = {isa = PBXBuildFile; fileRef = 7E68D0B029F1BDEE00D0EE02 /* ContentView.swift */; };
		7E68D0B329F1BDEF00D0EE02 /* Assets.xcassets in Resources */ = {isa = PBXBuildFile; fileRef = 7E68D0B229F1BDEF00D0EE02 /* Assets.xcassets */; };
		7E68D0B629F1BDEF00D0EE02 /* Preview Assets.xcassets in Resources */ = {isa = PBXBuildFile; fileRef = 7E68D0B529F1BDEF00D0EE02 /* Preview Assets.xcassets */; };
		7E6C98412A6705A300480C64 /* PathTest.swift in Sources */ = {isa = PBXBuildFile; fileRef = 7E6C98402A6705A300480C64 /* PathTest.swift */; };
		7E6C98432A67C9CB00480C64 /* WaterView.swift in Sources */ = {isa = PBXBuildFile; fileRef = 7E6C98422A67C9CB00480C64 /* WaterView.swift */; };
		7E6C98452A67CA8E00480C64 /* WaterViewModel.swift in Sources */ = {isa = PBXBuildFile; fileRef = 7E6C98442A67CA8E00480C64 /* WaterViewModel.swift */; };
		7E702DC329F3BD2A005FD4AB /* FirebaseAnalytics in Frameworks */ = {isa = PBXBuildFile; productRef = 7E702DC229F3BD2A005FD4AB /* FirebaseAnalytics */; };
		7E702DC529F3BD2A005FD4AB /* FirebaseAuth in Frameworks */ = {isa = PBXBuildFile; productRef = 7E702DC429F3BD2A005FD4AB /* FirebaseAuth */; };
		7E702DC729F3BD2A005FD4AB /* FirebaseDatabase in Frameworks */ = {isa = PBXBuildFile; productRef = 7E702DC629F3BD2A005FD4AB /* FirebaseDatabase */; };
		7E702DC929F3BD2A005FD4AB /* FirebaseFirestore in Frameworks */ = {isa = PBXBuildFile; productRef = 7E702DC829F3BD2A005FD4AB /* FirebaseFirestore */; };
		7E702DCF29F3BE92005FD4AB /* AuthView.swift in Sources */ = {isa = PBXBuildFile; fileRef = 7E702DCE29F3BE92005FD4AB /* AuthView.swift */; };
		7E702DD129F3BF64005FD4AB /* AuthViewModel.swift in Sources */ = {isa = PBXBuildFile; fileRef = 7E702DD029F3BF64005FD4AB /* AuthViewModel.swift */; };
		7E704C182A56AD9B009F37AC /* SettingsProfile.swift in Sources */ = {isa = PBXBuildFile; fileRef = 7E704C172A56AD9B009F37AC /* SettingsProfile.swift */; };
		7E704C1A2A56AE8B009F37AC /* ModelSettings.swift in Sources */ = {isa = PBXBuildFile; fileRef = 7E704C192A56AE8B009F37AC /* ModelSettings.swift */; };
		7E72CE162AAA2E7E0063155D /* CaloriesAddYour.swift in Sources */ = {isa = PBXBuildFile; fileRef = 7E72CE152AAA2E7E0063155D /* CaloriesAddYour.swift */; };
		7E801A9A29F958BD00AAB764 /* SlidingTabView in Frameworks */ = {isa = PBXBuildFile; productRef = 7E801A9929F958BD00AAB764 /* SlidingTabView */; };
		7E961BD22AA87AAB006B1316 /* CURL Request.swift in Sources */ = {isa = PBXBuildFile; fileRef = 7E961BD12AA87AAB006B1316 /* CURL Request.swift */; };
		7E961BD42AA88D21006B1316 /* StructRequest.swift in Sources */ = {isa = PBXBuildFile; fileRef = 7E961BD32AA88D21006B1316 /* StructRequest.swift */; };
		7E961BD62AA88D56006B1316 /* RequestFood.swift in Sources */ = {isa = PBXBuildFile; fileRef = 7E961BD52AA88D56006B1316 /* RequestFood.swift */; };
		7E961BD82AA89E99006B1316 /* CaloriesAddView.swift in Sources */ = {isa = PBXBuildFile; fileRef = 7E961BD72AA89E99006B1316 /* CaloriesAddView.swift */; };
		7EA24AB729F7E06C00B2B65B /* AuthModel.swift in Sources */ = {isa = PBXBuildFile; fileRef = 7EA24AB629F7E06C00B2B65B /* AuthModel.swift */; };
		7EA24AB929F8566A00B2B65B /* MainScreen.swift in Sources */ = {isa = PBXBuildFile; fileRef = 7EA24AB829F8566A00B2B65B /* MainScreen.swift */; };
		7EA24ABB29F856DD00B2B65B /* StrokeTextView.swift in Sources */ = {isa = PBXBuildFile; fileRef = 7EA24ABA29F856DD00B2B65B /* StrokeTextView.swift */; };
		7EB436DD2A307E460052AA01 /* ViewModelWeight.swift in Sources */ = {isa = PBXBuildFile; fileRef = 7EB436DC2A307E460052AA01 /* ViewModelWeight.swift */; };
		7EB436E22A30E34A0052AA01 /* FireStoreData.swift in Sources */ = {isa = PBXBuildFile; fileRef = 7EB436E12A30E34A0052AA01 /* FireStoreData.swift */; };
		7EB436E42A30EB7D0052AA01 /* ButtonViews.swift in Sources */ = {isa = PBXBuildFile; fileRef = 7EB436E32A30EB7D0052AA01 /* ButtonViews.swift */; };
		7EB436E62A30EBF30052AA01 /* WeightView.swift in Sources */ = {isa = PBXBuildFile; fileRef = 7EB436E52A30EBF30052AA01 /* WeightView.swift */; };
		7EB436ED2A30EFB90052AA01 /* ModelWeight.swift in Sources */ = {isa = PBXBuildFile; fileRef = 7EB436EC2A30EFB90052AA01 /* ModelWeight.swift */; };
		7EC1634F2A75841000914BFA /* CheckNewDay.swift in Sources */ = {isa = PBXBuildFile; fileRef = 7EC1634E2A75841000914BFA /* CheckNewDay.swift */; };
		7ED2C5782A76257F00186473 /* ProgressView.swift in Sources */ = {isa = PBXBuildFile; fileRef = 7ED2C5772A76257F00186473 /* ProgressView.swift */; };
		7ED2C57A2A76259100186473 /* ProgressWeight.swift in Sources */ = {isa = PBXBuildFile; fileRef = 7ED2C5792A76259100186473 /* ProgressWeight.swift */; };
		7ED2C57C2A76265D00186473 /* ProgressModel.swift in Sources */ = {isa = PBXBuildFile; fileRef = 7ED2C57B2A76265D00186473 /* ProgressModel.swift */; };
		7ED2C57F2A776F8100186473 /* SettingsViewModel.swift in Sources */ = {isa = PBXBuildFile; fileRef = 7ED2C57E2A776F8100186473 /* SettingsViewModel.swift */; };
		7ED2C5812A777C9E00186473 /* ProgressWeightViewModel.swift in Sources */ = {isa = PBXBuildFile; fileRef = 7ED2C5802A777C9E00186473 /* ProgressWeightViewModel.swift */; };
		7ED2C5832A77BB5D00186473 /* ProgressCalories.swift in Sources */ = {isa = PBXBuildFile; fileRef = 7ED2C5822A77BB5D00186473 /* ProgressCalories.swift */; };
		7ED2C5852A77BBC300186473 /* ProgressModelCalories.swift in Sources */ = {isa = PBXBuildFile; fileRef = 7ED2C5842A77BBC300186473 /* ProgressModelCalories.swift */; };
		7EDBD3782A65881E00A8AF23 /* View+Extension.swift in Sources */ = {isa = PBXBuildFile; fileRef = 7EDBD3772A65881E00A8AF23 /* View+Extension.swift */; };
		7EDBD37A2A65941100A8AF23 /* CaloriesSettingsView.swift in Sources */ = {isa = PBXBuildFile; fileRef = 7EDBD3792A65941100A8AF23 /* CaloriesSettingsView.swift */; };
		7EE229302A5416DE00C554CE /* SettingsMain.swift in Sources */ = {isa = PBXBuildFile; fileRef = 7EE2292F2A5416DE00C554CE /* SettingsMain.swift */; };
		7EE229322A55492F00C554CE /* Color+Extension.swift in Sources */ = {isa = PBXBuildFile; fileRef = 7EE229312A55492F00C554CE /* Color+Extension.swift */; };
/* End PBXBuildFile section */

/* Begin PBXContainerItemProxy section */
		7E4BD96D2A6E3C5000AB045E /* PBXContainerItemProxy */ = {
			isa = PBXContainerItemProxy;
			containerPortal = 7E68D0A329F1BDEE00D0EE02 /* Project object */;
			proxyType = 1;
			remoteGlobalIDString = 7E68D0AA29F1BDEE00D0EE02;
			remoteInfo = CaloriesApp;
		};
/* End PBXContainerItemProxy section */

/* Begin PBXFileReference section */
		7E1AB9402A626A370005E819 /* KeyboardDetect.swift */ = {isa = PBXFileReference; lastKnownFileType = sourcecode.swift; path = KeyboardDetect.swift; sourceTree = "<group>"; };
		7E39BBBC2A4D855700E017ED /* GoogleService-Info.plist */ = {isa = PBXFileReference; fileEncoding = 4; lastKnownFileType = text.plist.xml; path = "GoogleService-Info.plist"; sourceTree = "<group>"; };
		7E39BBBF2A4D900D00E017ED /* CaloriesView.swift */ = {isa = PBXFileReference; lastKnownFileType = sourcecode.swift; path = CaloriesView.swift; sourceTree = "<group>"; };
		7E39BBC12A4D902100E017ED /* CaloriesViewModel.swift */ = {isa = PBXFileReference; lastKnownFileType = sourcecode.swift; path = CaloriesViewModel.swift; sourceTree = "<group>"; };
		7E39BBC32A4D902A00E017ED /* CaloriesModel.swift */ = {isa = PBXFileReference; lastKnownFileType = sourcecode.swift; path = CaloriesModel.swift; sourceTree = "<group>"; };
		7E39BBC52A50630F00E017ED /* CaloriesFrontSide.swift */ = {isa = PBXFileReference; lastKnownFileType = sourcecode.swift; path = CaloriesFrontSide.swift; sourceTree = "<group>"; };
		7E39BBC72A50631800E017ED /* CaloriesBackSide.swift */ = {isa = PBXFileReference; lastKnownFileType = sourcecode.swift; path = CaloriesBackSide.swift; sourceTree = "<group>"; };
		7E45C1CA2AA4B9F400E011E7 /* ProgressWeightModel.swift */ = {isa = PBXFileReference; lastKnownFileType = sourcecode.swift; path = ProgressWeightModel.swift; sourceTree = "<group>"; };
		7E4BD9692A6E3C5000AB045E /* CaloriesAppTests.xctest */ = {isa = PBXFileReference; explicitFileType = wrapper.cfbundle; includeInIndex = 0; path = CaloriesAppTests.xctest; sourceTree = BUILT_PRODUCTS_DIR; };
		7E4BD96B2A6E3C5000AB045E /* CaloriesAppTests.swift */ = {isa = PBXFileReference; lastKnownFileType = sourcecode.swift; path = CaloriesAppTests.swift; sourceTree = "<group>"; };
		7E4BD9732A6E3D5C00AB045E /* XCTest.framework */ = {isa = PBXFileReference; lastKnownFileType = wrapper.framework; name = XCTest.framework; path = Platforms/iPhoneOS.platform/Developer/Library/Frameworks/XCTest.framework; sourceTree = DEVELOPER_DIR; };
		7E4BD97D2A6E5EF100AB045E /* ViewQuestions.swift */ = {isa = PBXFileReference; lastKnownFileType = sourcecode.swift; path = ViewQuestions.swift; sourceTree = "<group>"; };
		7E4BD97F2A6E70D000AB045E /* AuthViewMain.swift */ = {isa = PBXFileReference; lastKnownFileType = sourcecode.swift; path = AuthViewMain.swift; sourceTree = "<group>"; };
		7E6176212A33325B00FEB4DD /* ScaleScreen.swift */ = {isa = PBXFileReference; lastKnownFileType = sourcecode.swift; path = ScaleScreen.swift; sourceTree = "<group>"; };
		7E68D0AB29F1BDEE00D0EE02 /* CaloriesApp.app */ = {isa = PBXFileReference; explicitFileType = wrapper.application; includeInIndex = 0; path = CaloriesApp.app; sourceTree = BUILT_PRODUCTS_DIR; };
		7E68D0AE29F1BDEE00D0EE02 /* CaloriesAppApp.swift */ = {isa = PBXFileReference; lastKnownFileType = sourcecode.swift; path = CaloriesAppApp.swift; sourceTree = "<group>"; };
		7E68D0B029F1BDEE00D0EE02 /* ContentView.swift */ = {isa = PBXFileReference; lastKnownFileType = sourcecode.swift; path = ContentView.swift; sourceTree = "<group>"; };
		7E68D0B229F1BDEF00D0EE02 /* Assets.xcassets */ = {isa = PBXFileReference; lastKnownFileType = folder.assetcatalog; path = Assets.xcassets; sourceTree = "<group>"; };
		7E68D0B529F1BDEF00D0EE02 /* Preview Assets.xcassets */ = {isa = PBXFileReference; lastKnownFileType = folder.assetcatalog; path = "Preview Assets.xcassets"; sourceTree = "<group>"; };
		7E6C98402A6705A300480C64 /* PathTest.swift */ = {isa = PBXFileReference; lastKnownFileType = sourcecode.swift; path = PathTest.swift; sourceTree = "<group>"; };
		7E6C98422A67C9CB00480C64 /* WaterView.swift */ = {isa = PBXFileReference; lastKnownFileType = sourcecode.swift; path = WaterView.swift; sourceTree = "<group>"; };
		7E6C98442A67CA8E00480C64 /* WaterViewModel.swift */ = {isa = PBXFileReference; lastKnownFileType = sourcecode.swift; path = WaterViewModel.swift; sourceTree = "<group>"; };
		7E702DCE29F3BE92005FD4AB /* AuthView.swift */ = {isa = PBXFileReference; lastKnownFileType = sourcecode.swift; path = AuthView.swift; sourceTree = "<group>"; };
		7E702DD029F3BF64005FD4AB /* AuthViewModel.swift */ = {isa = PBXFileReference; lastKnownFileType = sourcecode.swift; path = AuthViewModel.swift; sourceTree = "<group>"; };
		7E704C172A56AD9B009F37AC /* SettingsProfile.swift */ = {isa = PBXFileReference; lastKnownFileType = sourcecode.swift; path = SettingsProfile.swift; sourceTree = "<group>"; };
		7E704C192A56AE8B009F37AC /* ModelSettings.swift */ = {isa = PBXFileReference; lastKnownFileType = sourcecode.swift; path = ModelSettings.swift; sourceTree = "<group>"; };
		7E72CE152AAA2E7E0063155D /* CaloriesAddYour.swift */ = {isa = PBXFileReference; lastKnownFileType = sourcecode.swift; path = CaloriesAddYour.swift; sourceTree = "<group>"; };
		7E961BD12AA87AAB006B1316 /* CURL Request.swift */ = {isa = PBXFileReference; lastKnownFileType = sourcecode.swift; path = "CURL Request.swift"; sourceTree = "<group>"; };
		7E961BD32AA88D21006B1316 /* StructRequest.swift */ = {isa = PBXFileReference; lastKnownFileType = sourcecode.swift; path = StructRequest.swift; sourceTree = "<group>"; };
		7E961BD52AA88D56006B1316 /* RequestFood.swift */ = {isa = PBXFileReference; lastKnownFileType = sourcecode.swift; path = RequestFood.swift; sourceTree = "<group>"; };
		7E961BD72AA89E99006B1316 /* CaloriesAddView.swift */ = {isa = PBXFileReference; lastKnownFileType = sourcecode.swift; path = CaloriesAddView.swift; sourceTree = "<group>"; };
		7EA24AB629F7E06C00B2B65B /* AuthModel.swift */ = {isa = PBXFileReference; lastKnownFileType = sourcecode.swift; path = AuthModel.swift; sourceTree = "<group>"; };
		7EA24AB829F8566A00B2B65B /* MainScreen.swift */ = {isa = PBXFileReference; lastKnownFileType = sourcecode.swift; path = MainScreen.swift; sourceTree = "<group>"; };
		7EA24ABA29F856DD00B2B65B /* StrokeTextView.swift */ = {isa = PBXFileReference; lastKnownFileType = sourcecode.swift; path = StrokeTextView.swift; sourceTree = "<group>"; };
		7EB436DC2A307E460052AA01 /* ViewModelWeight.swift */ = {isa = PBXFileReference; lastKnownFileType = sourcecode.swift; path = ViewModelWeight.swift; sourceTree = "<group>"; };
		7EB436E12A30E34A0052AA01 /* FireStoreData.swift */ = {isa = PBXFileReference; lastKnownFileType = sourcecode.swift; path = FireStoreData.swift; sourceTree = "<group>"; };
		7EB436E32A30EB7D0052AA01 /* ButtonViews.swift */ = {isa = PBXFileReference; lastKnownFileType = sourcecode.swift; path = ButtonViews.swift; sourceTree = "<group>"; };
		7EB436E52A30EBF30052AA01 /* WeightView.swift */ = {isa = PBXFileReference; lastKnownFileType = sourcecode.swift; path = WeightView.swift; sourceTree = "<group>"; };
		7EB436EC2A30EFB90052AA01 /* ModelWeight.swift */ = {isa = PBXFileReference; lastKnownFileType = sourcecode.swift; path = ModelWeight.swift; sourceTree = "<group>"; };
		7EC1634E2A75841000914BFA /* CheckNewDay.swift */ = {isa = PBXFileReference; lastKnownFileType = sourcecode.swift; path = CheckNewDay.swift; sourceTree = "<group>"; };
		7ED2C5772A76257F00186473 /* ProgressView.swift */ = {isa = PBXFileReference; lastKnownFileType = sourcecode.swift; path = ProgressView.swift; sourceTree = "<group>"; };
		7ED2C5792A76259100186473 /* ProgressWeight.swift */ = {isa = PBXFileReference; lastKnownFileType = sourcecode.swift; path = ProgressWeight.swift; sourceTree = "<group>"; };
		7ED2C57B2A76265D00186473 /* ProgressModel.swift */ = {isa = PBXFileReference; lastKnownFileType = sourcecode.swift; path = ProgressModel.swift; sourceTree = "<group>"; };
		7ED2C57E2A776F8100186473 /* SettingsViewModel.swift */ = {isa = PBXFileReference; lastKnownFileType = sourcecode.swift; path = SettingsViewModel.swift; sourceTree = "<group>"; };
		7ED2C5802A777C9E00186473 /* ProgressWeightViewModel.swift */ = {isa = PBXFileReference; lastKnownFileType = sourcecode.swift; path = ProgressWeightViewModel.swift; sourceTree = "<group>"; };
		7ED2C5822A77BB5D00186473 /* ProgressCalories.swift */ = {isa = PBXFileReference; lastKnownFileType = sourcecode.swift; path = ProgressCalories.swift; sourceTree = "<group>"; };
		7ED2C5842A77BBC300186473 /* ProgressModelCalories.swift */ = {isa = PBXFileReference; lastKnownFileType = sourcecode.swift; path = ProgressModelCalories.swift; sourceTree = "<group>"; };
		7EDBD3772A65881E00A8AF23 /* View+Extension.swift */ = {isa = PBXFileReference; lastKnownFileType = sourcecode.swift; path = "View+Extension.swift"; sourceTree = "<group>"; };
		7EDBD3792A65941100A8AF23 /* CaloriesSettingsView.swift */ = {isa = PBXFileReference; lastKnownFileType = sourcecode.swift; path = CaloriesSettingsView.swift; sourceTree = "<group>"; };
		7EE2292F2A5416DE00C554CE /* SettingsMain.swift */ = {isa = PBXFileReference; lastKnownFileType = sourcecode.swift; path = SettingsMain.swift; sourceTree = "<group>"; };
		7EE229312A55492F00C554CE /* Color+Extension.swift */ = {isa = PBXFileReference; lastKnownFileType = sourcecode.swift; path = "Color+Extension.swift"; sourceTree = "<group>"; };
/* End PBXFileReference section */

/* Begin PBXFrameworksBuildPhase section */
		7E4BD9662A6E3C5000AB045E /* Frameworks */ = {
			isa = PBXFrameworksBuildPhase;
			buildActionMask = 2147483647;
			files = (
				7E4BD9782A6E3E5400AB045E /* FirebaseAuth in Frameworks */,
			);
			runOnlyForDeploymentPostprocessing = 0;
		};
		7E68D0A829F1BDEE00D0EE02 /* Frameworks */ = {
			isa = PBXFrameworksBuildPhase;
			buildActionMask = 2147483647;
			files = (
				7E702DC729F3BD2A005FD4AB /* FirebaseDatabase in Frameworks */,
				7E801A9A29F958BD00AAB764 /* SlidingTabView in Frameworks */,
				7E649CB72AAC8BC600291F17 /* CodeScanner in Frameworks */,
				7E702DC929F3BD2A005FD4AB /* FirebaseFirestore in Frameworks */,
				7E702DC329F3BD2A005FD4AB /* FirebaseAnalytics in Frameworks */,
				7E702DC529F3BD2A005FD4AB /* FirebaseAuth in Frameworks */,
			);
			runOnlyForDeploymentPostprocessing = 0;
		};
/* End PBXFrameworksBuildPhase section */

/* Begin PBXGroup section */
		7E39BBBE2A4D8FEB00E017ED /* Calories */ = {
			isa = PBXGroup;
			children = (
				7EDBD37D2A65942E00A8AF23 /* ViewModel */,
				7EDBD37C2A65942700A8AF23 /* Model */,
				7EDBD37B2A65941C00A8AF23 /* View */,
			);
			path = Calories;
			sourceTree = "<group>";
		};
		7E45C1C72AA4900D00E011E7 /* SettingsView */ = {
			isa = PBXGroup;
			children = (
				7EE2292F2A5416DE00C554CE /* SettingsMain.swift */,
				7E704C172A56AD9B009F37AC /* SettingsProfile.swift */,
			);
			path = SettingsView;
			sourceTree = "<group>";
		};
		7E45C1C82AA4B9A100E011E7 /* ProgressWeight */ = {
			isa = PBXGroup;
			children = (
				7ED2C5802A777C9E00186473 /* ProgressWeightViewModel.swift */,
				7ED2C5792A76259100186473 /* ProgressWeight.swift */,
				7E45C1CA2AA4B9F400E011E7 /* ProgressWeightModel.swift */,
			);
			path = ProgressWeight;
			sourceTree = "<group>";
		};
		7E45C1C92AA4B9B100E011E7 /* ProgressCalories */ = {
			isa = PBXGroup;
			children = (
				7ED2C57B2A76265D00186473 /* ProgressModel.swift */,
				7ED2C5822A77BB5D00186473 /* ProgressCalories.swift */,
				7ED2C5842A77BBC300186473 /* ProgressModelCalories.swift */,
			);
			path = ProgressCalories;
			sourceTree = "<group>";
		};
		7E4BD96A2A6E3C5000AB045E /* CaloriesAppTests */ = {
			isa = PBXGroup;
			children = (
				7E4BD96B2A6E3C5000AB045E /* CaloriesAppTests.swift */,
			);
			path = CaloriesAppTests;
			sourceTree = "<group>";
		};
		7E4BD9722A6E3D5C00AB045E /* Frameworks */ = {
			isa = PBXGroup;
			children = (
				7E4BD9732A6E3D5C00AB045E /* XCTest.framework */,
			);
			name = Frameworks;
			sourceTree = "<group>";
		};
		7E4BD9792A6E4FB200AB045E /* Water */ = {
			isa = PBXGroup;
			children = (
				7E4BD97C2A6E4FEF00AB045E /* ModelWater */,
				7E4BD97B2A6E4FE400AB045E /* ViewModelWater */,
				7E4BD97A2A6E4FD400AB045E /* ViewWater */,
			);
			path = Water;
			sourceTree = "<group>";
		};
		7E4BD97A2A6E4FD400AB045E /* ViewWater */ = {
			isa = PBXGroup;
			children = (
				7E6C98422A67C9CB00480C64 /* WaterView.swift */,
			);
			path = ViewWater;
			sourceTree = "<group>";
		};
		7E4BD97B2A6E4FE400AB045E /* ViewModelWater */ = {
			isa = PBXGroup;
			children = (
				7E6C98442A67CA8E00480C64 /* WaterViewModel.swift */,
			);
			path = ViewModelWater;
			sourceTree = "<group>";
		};
		7E4BD97C2A6E4FEF00AB045E /* ModelWater */ = {
			isa = PBXGroup;
			children = (
			);
			path = ModelWater;
			sourceTree = "<group>";
		};
		7E68D0A229F1BDEE00D0EE02 = {
			isa = PBXGroup;
			children = (
				7E68D0AD29F1BDEE00D0EE02 /* CaloriesApp */,
				7E4BD96A2A6E3C5000AB045E /* CaloriesAppTests */,
				7E68D0AC29F1BDEE00D0EE02 /* Products */,
				7E4BD9722A6E3D5C00AB045E /* Frameworks */,
			);
			sourceTree = "<group>";
		};
		7E68D0AC29F1BDEE00D0EE02 /* Products */ = {
			isa = PBXGroup;
			children = (
				7E68D0AB29F1BDEE00D0EE02 /* CaloriesApp.app */,
				7E4BD9692A6E3C5000AB045E /* CaloriesAppTests.xctest */,
			);
			name = Products;
			sourceTree = "<group>";
		};
		7E68D0AD29F1BDEE00D0EE02 /* CaloriesApp */ = {
			isa = PBXGroup;
			children = (
				7E68D0AE29F1BDEE00D0EE02 /* CaloriesAppApp.swift */,
				7E68D0B229F1BDEF00D0EE02 /* Assets.xcassets */,
				7E39BBBC2A4D855700E017ED /* GoogleService-Info.plist */,
				7ED2C5762A76245000186473 /* Progress */,
				7EE2292E2A5416BB00C554CE /* Settings */,
				7EB436E12A30E34A0052AA01 /* FireStoreData.swift */,
				7E702DCA29F3BE47005FD4AB /* Authentication */,
				7E68D0B029F1BDEE00D0EE02 /* ContentView.swift */,
				7E68D0B429F1BDEF00D0EE02 /* Preview Content */,
				7EA24AB829F8566A00B2B65B /* MainScreen.swift */,
				7E4BD9792A6E4FB200AB045E /* Water */,
				7E39BBBE2A4D8FEB00E017ED /* Calories */,
				7EB436E82A30EF570052AA01 /* Weight */,
				7EB436E72A30EEF10052AA01 /* SubViews */,
				7E6176212A33325B00FEB4DD /* ScaleScreen.swift */,
				7EDBD3772A65881E00A8AF23 /* View+Extension.swift */,
				7EE229312A55492F00C554CE /* Color+Extension.swift */,
				7E1AB9402A626A370005E819 /* KeyboardDetect.swift */,
				7E6C98402A6705A300480C64 /* PathTest.swift */,
			);
			path = CaloriesApp;
			sourceTree = "<group>";
		};
		7E68D0B429F1BDEF00D0EE02 /* Preview Content */ = {
			isa = PBXGroup;
			children = (
				7E68D0B529F1BDEF00D0EE02 /* Preview Assets.xcassets */,
			);
			path = "Preview Content";
			sourceTree = "<group>";
		};
		7E702DCA29F3BE47005FD4AB /* Authentication */ = {
			isa = PBXGroup;
			children = (
				7E702DCD29F3BE6E005FD4AB /* ViewModel */,
				7E702DCC29F3BE69005FD4AB /* VIew */,
				7E702DCB29F3BE5D005FD4AB /* Model */,
			);
			path = Authentication;
			sourceTree = "<group>";
		};
		7E702DCB29F3BE5D005FD4AB /* Model */ = {
			isa = PBXGroup;
			children = (
				7EA24AB629F7E06C00B2B65B /* AuthModel.swift */,
				7E961BD12AA87AAB006B1316 /* CURL Request.swift */,
			);
			path = Model;
			sourceTree = "<group>";
		};
		7E702DCC29F3BE69005FD4AB /* VIew */ = {
			isa = PBXGroup;
			children = (
				7E4BD97F2A6E70D000AB045E /* AuthViewMain.swift */,
				7E4BD97D2A6E5EF100AB045E /* ViewQuestions.swift */,
				7E702DCE29F3BE92005FD4AB /* AuthView.swift */,
			);
			path = VIew;
			sourceTree = "<group>";
		};
		7E702DCD29F3BE6E005FD4AB /* ViewModel */ = {
			isa = PBXGroup;
			children = (
				7E702DD029F3BF64005FD4AB /* AuthViewModel.swift */,
				7EC1634E2A75841000914BFA /* CheckNewDay.swift */,
			);
			path = ViewModel;
			sourceTree = "<group>";
		};
		7EB436E72A30EEF10052AA01 /* SubViews */ = {
			isa = PBXGroup;
			children = (
				7EA24ABA29F856DD00B2B65B /* StrokeTextView.swift */,
				7EB436E32A30EB7D0052AA01 /* ButtonViews.swift */,
			);
			path = SubViews;
			sourceTree = "<group>";
		};
		7EB436E82A30EF570052AA01 /* Weight */ = {
			isa = PBXGroup;
			children = (
				7EB436EA2A30EF970052AA01 /* ViewModel */,
				7EB436E92A30EF630052AA01 /* View */,
				7EB436EE2A30EFCA0052AA01 /* Model */,
			);
			path = Weight;
			sourceTree = "<group>";
		};
		7EB436E92A30EF630052AA01 /* View */ = {
			isa = PBXGroup;
			children = (
				7EB436E52A30EBF30052AA01 /* WeightView.swift */,
			);
			path = View;
			sourceTree = "<group>";
		};
		7EB436EA2A30EF970052AA01 /* ViewModel */ = {
			isa = PBXGroup;
			children = (
				7EB436DC2A307E460052AA01 /* ViewModelWeight.swift */,
			);
			path = ViewModel;
			sourceTree = "<group>";
		};
		7EB436EE2A30EFCA0052AA01 /* Model */ = {
			isa = PBXGroup;
			children = (
				7EB436EC2A30EFB90052AA01 /* ModelWeight.swift */,
			);
			path = Model;
			sourceTree = "<group>";
		};
		7ED2C5762A76245000186473 /* Progress */ = {
			isa = PBXGroup;
			children = (
				7E45C1C92AA4B9B100E011E7 /* ProgressCalories */,
				7E45C1C82AA4B9A100E011E7 /* ProgressWeight */,
				7ED2C5772A76257F00186473 /* ProgressView.swift */,
			);
			path = Progress;
			sourceTree = "<group>";
		};
		7ED2C57D2A776F6400186473 /* SettingsViewModel */ = {
			isa = PBXGroup;
			children = (
				7ED2C57E2A776F8100186473 /* SettingsViewModel.swift */,
			);
			path = SettingsViewModel;
			sourceTree = "<group>";
		};
		7EDBD37B2A65941C00A8AF23 /* View */ = {
			isa = PBXGroup;
			children = (
				7E39BBBF2A4D900D00E017ED /* CaloriesView.swift */,
				7EDBD3792A65941100A8AF23 /* CaloriesSettingsView.swift */,
				7E39BBC52A50630F00E017ED /* CaloriesFrontSide.swift */,
				7E39BBC72A50631800E017ED /* CaloriesBackSide.swift */,
				7E961BD72AA89E99006B1316 /* CaloriesAddView.swift */,
				7E72CE152AAA2E7E0063155D /* CaloriesAddYour.swift */,
			);
			path = View;
			sourceTree = "<group>";
		};
		7EDBD37C2A65942700A8AF23 /* Model */ = {
			isa = PBXGroup;
			children = (
				7E39BBC32A4D902A00E017ED /* CaloriesModel.swift */,
				7E961BD32AA88D21006B1316 /* StructRequest.swift */,
				7E961BD52AA88D56006B1316 /* RequestFood.swift */,
			);
			path = Model;
			sourceTree = "<group>";
		};
		7EDBD37D2A65942E00A8AF23 /* ViewModel */ = {
			isa = PBXGroup;
			children = (
				7E39BBC12A4D902100E017ED /* CaloriesViewModel.swift */,
			);
			path = ViewModel;
			sourceTree = "<group>";
		};
		7EE2292E2A5416BB00C554CE /* Settings */ = {
			isa = PBXGroup;
			children = (
				7E45C1C72AA4900D00E011E7 /* SettingsView */,
				7ED2C57D2A776F6400186473 /* SettingsViewModel */,
				7E704C192A56AE8B009F37AC /* ModelSettings.swift */,
			);
			path = Settings;
			sourceTree = "<group>";
		};
/* End PBXGroup section */

/* Begin PBXNativeTarget section */
		7E4BD9682A6E3C5000AB045E /* CaloriesAppTests */ = {
			isa = PBXNativeTarget;
			buildConfigurationList = 7E4BD96F2A6E3C5000AB045E /* Build configuration list for PBXNativeTarget "CaloriesAppTests" */;
			buildPhases = (
				7E4BD9652A6E3C5000AB045E /* Sources */,
				7E4BD9662A6E3C5000AB045E /* Frameworks */,
				7E4BD9672A6E3C5000AB045E /* Resources */,
			);
			buildRules = (
			);
			dependencies = (
				7E4BD96E2A6E3C5000AB045E /* PBXTargetDependency */,
			);
			name = CaloriesAppTests;
			packageProductDependencies = (
				7E4BD9772A6E3E5400AB045E /* FirebaseAuth */,
			);
			productName = CaloriesAppTests;
			productReference = 7E4BD9692A6E3C5000AB045E /* CaloriesAppTests.xctest */;
			productType = "com.apple.product-type.bundle.unit-test";
		};
		7E68D0AA29F1BDEE00D0EE02 /* CaloriesApp */ = {
			isa = PBXNativeTarget;
			buildConfigurationList = 7E68D0B929F1BDEF00D0EE02 /* Build configuration list for PBXNativeTarget "CaloriesApp" */;
			buildPhases = (
				7E68D0A729F1BDEE00D0EE02 /* Sources */,
				7E68D0A829F1BDEE00D0EE02 /* Frameworks */,
				7E68D0A929F1BDEE00D0EE02 /* Resources */,
			);
			buildRules = (
			);
			dependencies = (
			);
			name = CaloriesApp;
			packageProductDependencies = (
				7E702DC229F3BD2A005FD4AB /* FirebaseAnalytics */,
				7E702DC429F3BD2A005FD4AB /* FirebaseAuth */,
				7E702DC629F3BD2A005FD4AB /* FirebaseDatabase */,
				7E702DC829F3BD2A005FD4AB /* FirebaseFirestore */,
				7E801A9929F958BD00AAB764 /* SlidingTabView */,
				7E649CB62AAC8BC600291F17 /* CodeScanner */,
			);
			productName = CaloriesApp;
			productReference = 7E68D0AB29F1BDEE00D0EE02 /* CaloriesApp.app */;
			productType = "com.apple.product-type.application";
		};
/* End PBXNativeTarget section */

/* Begin PBXProject section */
		7E68D0A329F1BDEE00D0EE02 /* Project object */ = {
			isa = PBXProject;
			attributes = {
				BuildIndependentTargetsInParallel = 1;
				LastSwiftUpdateCheck = 1430;
				LastUpgradeCheck = 1430;
				TargetAttributes = {
					7E4BD9682A6E3C5000AB045E = {
						CreatedOnToolsVersion = 14.3;
						TestTargetID = 7E68D0AA29F1BDEE00D0EE02;
					};
					7E68D0AA29F1BDEE00D0EE02 = {
						CreatedOnToolsVersion = 14.3;
					};
				};
			};
			buildConfigurationList = 7E68D0A629F1BDEE00D0EE02 /* Build configuration list for PBXProject "CaloriesApp" */;
			compatibilityVersion = "Xcode 14.0";
			developmentRegion = en;
			hasScannedForEncodings = 0;
			knownRegions = (
				en,
				Base,
			);
			mainGroup = 7E68D0A229F1BDEE00D0EE02;
			packageReferences = (
				7E702DC129F3BD2A005FD4AB /* XCRemoteSwiftPackageReference "firebase-ios-sdk" */,
				7E801A9829F958BD00AAB764 /* XCRemoteSwiftPackageReference "SlidingTabView" */,
				7E649CB52AAC8BC600291F17 /* XCRemoteSwiftPackageReference "CodeScanner" */,
			);
			productRefGroup = 7E68D0AC29F1BDEE00D0EE02 /* Products */;
			projectDirPath = "";
			projectRoot = "";
			targets = (
				7E68D0AA29F1BDEE00D0EE02 /* CaloriesApp */,
				7E4BD9682A6E3C5000AB045E /* CaloriesAppTests */,
			);
		};
/* End PBXProject section */

/* Begin PBXResourcesBuildPhase section */
		7E4BD9672A6E3C5000AB045E /* Resources */ = {
			isa = PBXResourcesBuildPhase;
			buildActionMask = 2147483647;
			files = (
			);
			runOnlyForDeploymentPostprocessing = 0;
		};
		7E68D0A929F1BDEE00D0EE02 /* Resources */ = {
			isa = PBXResourcesBuildPhase;
			buildActionMask = 2147483647;
			files = (
				7E68D0B629F1BDEF00D0EE02 /* Preview Assets.xcassets in Resources */,
				7E68D0B329F1BDEF00D0EE02 /* Assets.xcassets in Resources */,
				7E39BBBD2A4D855700E017ED /* GoogleService-Info.plist in Resources */,
			);
			runOnlyForDeploymentPostprocessing = 0;
		};
/* End PBXResourcesBuildPhase section */

/* Begin PBXSourcesBuildPhase section */
		7E4BD9652A6E3C5000AB045E /* Sources */ = {
			isa = PBXSourcesBuildPhase;
			buildActionMask = 2147483647;
			files = (
				7E4BD96C2A6E3C5000AB045E /* CaloriesAppTests.swift in Sources */,
			);
			runOnlyForDeploymentPostprocessing = 0;
		};
		7E68D0A729F1BDEE00D0EE02 /* Sources */ = {
			isa = PBXSourcesBuildPhase;
			buildActionMask = 2147483647;
			files = (
				7ED2C57A2A76259100186473 /* ProgressWeight.swift in Sources */,
				7E39BBC22A4D902100E017ED /* CaloriesViewModel.swift in Sources */,
				7EE229302A5416DE00C554CE /* SettingsMain.swift in Sources */,
				7E704C182A56AD9B009F37AC /* SettingsProfile.swift in Sources */,
				7E961BD22AA87AAB006B1316 /* CURL Request.swift in Sources */,
				7E4BD97E2A6E5EF100AB045E /* ViewQuestions.swift in Sources */,
				7E39BBC42A4D902A00E017ED /* CaloriesModel.swift in Sources */,
				7E6C98432A67C9CB00480C64 /* WaterView.swift in Sources */,
				7E39BBC02A4D900D00E017ED /* CaloriesView.swift in Sources */,
				7E6C98452A67CA8E00480C64 /* WaterViewModel.swift in Sources */,
				7EA24AB929F8566A00B2B65B /* MainScreen.swift in Sources */,
				7EDBD37A2A65941100A8AF23 /* CaloriesSettingsView.swift in Sources */,
				7EB436E22A30E34A0052AA01 /* FireStoreData.swift in Sources */,
				7EB436E62A30EBF30052AA01 /* WeightView.swift in Sources */,
				7EB436E42A30EB7D0052AA01 /* ButtonViews.swift in Sources */,
				7E702DD129F3BF64005FD4AB /* AuthViewModel.swift in Sources */,
				7E961BD42AA88D21006B1316 /* StructRequest.swift in Sources */,
				7EDBD3782A65881E00A8AF23 /* View+Extension.swift in Sources */,
				7EB436DD2A307E460052AA01 /* ViewModelWeight.swift in Sources */,
				7E961BD62AA88D56006B1316 /* RequestFood.swift in Sources */,
				7E1AB9412A626A370005E819 /* KeyboardDetect.swift in Sources */,
				7E45C1CB2AA4B9F400E011E7 /* ProgressWeightModel.swift in Sources */,
				7ED2C5852A77BBC300186473 /* ProgressModelCalories.swift in Sources */,
				7E6C98412A6705A300480C64 /* PathTest.swift in Sources */,
				7E39BBC82A50631800E017ED /* CaloriesBackSide.swift in Sources */,
				7ED2C57F2A776F8100186473 /* SettingsViewModel.swift in Sources */,
				7EE229322A55492F00C554CE /* Color+Extension.swift in Sources */,
				7E68D0B129F1BDEE00D0EE02 /* ContentView.swift in Sources */,
				7E39BBC62A50630F00E017ED /* CaloriesFrontSide.swift in Sources */,
				7EC1634F2A75841000914BFA /* CheckNewDay.swift in Sources */,
				7E961BD82AA89E99006B1316 /* CaloriesAddView.swift in Sources */,
				7E68D0AF29F1BDEE00D0EE02 /* CaloriesAppApp.swift in Sources */,
				7E702DCF29F3BE92005FD4AB /* AuthView.swift in Sources */,
				7ED2C57C2A76265D00186473 /* ProgressModel.swift in Sources */,
				7E72CE162AAA2E7E0063155D /* CaloriesAddYour.swift in Sources */,
				7EA24ABB29F856DD00B2B65B /* StrokeTextView.swift in Sources */,
				7ED2C5812A777C9E00186473 /* ProgressWeightViewModel.swift in Sources */,
				7EA24AB729F7E06C00B2B65B /* AuthModel.swift in Sources */,
				7E704C1A2A56AE8B009F37AC /* ModelSettings.swift in Sources */,
				7E4BD9802A6E70D000AB045E /* AuthViewMain.swift in Sources */,
				7ED2C5782A76257F00186473 /* ProgressView.swift in Sources */,
				7ED2C5832A77BB5D00186473 /* ProgressCalories.swift in Sources */,
				7E6176222A33325B00FEB4DD /* ScaleScreen.swift in Sources */,
				7EB436ED2A30EFB90052AA01 /* ModelWeight.swift in Sources */,
			);
			runOnlyForDeploymentPostprocessing = 0;
		};
/* End PBXSourcesBuildPhase section */

/* Begin PBXTargetDependency section */
		7E4BD96E2A6E3C5000AB045E /* PBXTargetDependency */ = {
			isa = PBXTargetDependency;
			target = 7E68D0AA29F1BDEE00D0EE02 /* CaloriesApp */;
			targetProxy = 7E4BD96D2A6E3C5000AB045E /* PBXContainerItemProxy */;
		};
/* End PBXTargetDependency section */

/* Begin XCBuildConfiguration section */
		7E4BD9702A6E3C5000AB045E /* Debug */ = {
			isa = XCBuildConfiguration;
			buildSettings = {
				BUNDLE_LOADER = "$(TEST_HOST)";
				CODE_SIGN_STYLE = Automatic;
				CURRENT_PROJECT_VERSION = 1;
				DEVELOPMENT_TEAM = 328QJG8DC6;
				GENERATE_INFOPLIST_FILE = YES;
				IPHONEOS_DEPLOYMENT_TARGET = 15.0;
				MACOSX_DEPLOYMENT_TARGET = 13.3;
				MARKETING_VERSION = 1.0;
				PRODUCT_BUNDLE_IDENTIFIER = danil.CaloriesAppTests;
				PRODUCT_NAME = "$(TARGET_NAME)";
				SDKROOT = auto;
				SUPPORTED_PLATFORMS = "iphoneos iphonesimulator macosx";
				SWIFT_EMIT_LOC_STRINGS = NO;
				SWIFT_VERSION = 5.0;
				TARGETED_DEVICE_FAMILY = "1,2";
				TEST_HOST = "$(BUILT_PRODUCTS_DIR)/CaloriesApp.app/$(BUNDLE_EXECUTABLE_FOLDER_PATH)/CaloriesApp";
			};
			name = Debug;
		};
		7E4BD9712A6E3C5000AB045E /* Release */ = {
			isa = XCBuildConfiguration;
			buildSettings = {
				BUNDLE_LOADER = "$(TEST_HOST)";
				CODE_SIGN_STYLE = Automatic;
				CURRENT_PROJECT_VERSION = 1;
				DEVELOPMENT_TEAM = 328QJG8DC6;
				GENERATE_INFOPLIST_FILE = YES;
				IPHONEOS_DEPLOYMENT_TARGET = 15.0;
				MACOSX_DEPLOYMENT_TARGET = 13.3;
				MARKETING_VERSION = 1.0;
				PRODUCT_BUNDLE_IDENTIFIER = danil.CaloriesAppTests;
				PRODUCT_NAME = "$(TARGET_NAME)";
				SDKROOT = auto;
				SUPPORTED_PLATFORMS = "iphoneos iphonesimulator macosx";
				SWIFT_EMIT_LOC_STRINGS = NO;
				SWIFT_VERSION = 5.0;
				TARGETED_DEVICE_FAMILY = "1,2";
				TEST_HOST = "$(BUILT_PRODUCTS_DIR)/CaloriesApp.app/$(BUNDLE_EXECUTABLE_FOLDER_PATH)/CaloriesApp";
			};
			name = Release;
		};
		7E68D0B729F1BDEF00D0EE02 /* Debug */ = {
			isa = XCBuildConfiguration;
			buildSettings = {
				ALWAYS_SEARCH_USER_PATHS = NO;
				CLANG_ANALYZER_NONNULL = YES;
				CLANG_ANALYZER_NUMBER_OBJECT_CONVERSION = YES_AGGRESSIVE;
				CLANG_CXX_LANGUAGE_STANDARD = "gnu++20";
				CLANG_ENABLE_MODULES = YES;
				CLANG_ENABLE_OBJC_ARC = YES;
				CLANG_ENABLE_OBJC_WEAK = YES;
				CLANG_WARN_BLOCK_CAPTURE_AUTORELEASING = YES;
				CLANG_WARN_BOOL_CONVERSION = YES;
				CLANG_WARN_COMMA = YES;
				CLANG_WARN_CONSTANT_CONVERSION = YES;
				CLANG_WARN_DEPRECATED_OBJC_IMPLEMENTATIONS = YES;
				CLANG_WARN_DIRECT_OBJC_ISA_USAGE = YES_ERROR;
				CLANG_WARN_DOCUMENTATION_COMMENTS = YES;
				CLANG_WARN_EMPTY_BODY = YES;
				CLANG_WARN_ENUM_CONVERSION = YES;
				CLANG_WARN_INFINITE_RECURSION = YES;
				CLANG_WARN_INT_CONVERSION = YES;
				CLANG_WARN_NON_LITERAL_NULL_CONVERSION = YES;
				CLANG_WARN_OBJC_IMPLICIT_RETAIN_SELF = YES;
				CLANG_WARN_OBJC_LITERAL_CONVERSION = YES;
				CLANG_WARN_OBJC_ROOT_CLASS = YES_ERROR;
				CLANG_WARN_QUOTED_INCLUDE_IN_FRAMEWORK_HEADER = YES;
				CLANG_WARN_RANGE_LOOP_ANALYSIS = YES;
				CLANG_WARN_STRICT_PROTOTYPES = YES;
				CLANG_WARN_SUSPICIOUS_MOVE = YES;
				CLANG_WARN_UNGUARDED_AVAILABILITY = YES_AGGRESSIVE;
				CLANG_WARN_UNREACHABLE_CODE = YES;
				CLANG_WARN__DUPLICATE_METHOD_MATCH = YES;
				COPY_PHASE_STRIP = NO;
				DEBUG_INFORMATION_FORMAT = dwarf;
				ENABLE_STRICT_OBJC_MSGSEND = YES;
				ENABLE_TESTABILITY = YES;
				GCC_C_LANGUAGE_STANDARD = gnu11;
				GCC_DYNAMIC_NO_PIC = NO;
				GCC_NO_COMMON_BLOCKS = YES;
				GCC_OPTIMIZATION_LEVEL = 0;
				GCC_PREPROCESSOR_DEFINITIONS = (
					"DEBUG=1",
					"$(inherited)",
				);
				GCC_WARN_64_TO_32_BIT_CONVERSION = YES;
				GCC_WARN_ABOUT_RETURN_TYPE = YES_ERROR;
				GCC_WARN_UNDECLARED_SELECTOR = YES;
				GCC_WARN_UNINITIALIZED_AUTOS = YES_AGGRESSIVE;
				GCC_WARN_UNUSED_FUNCTION = YES;
				GCC_WARN_UNUSED_VARIABLE = YES;
				IPHONEOS_DEPLOYMENT_TARGET = 14.0;
				MTL_ENABLE_DEBUG_INFO = INCLUDE_SOURCE;
				MTL_FAST_MATH = YES;
				ONLY_ACTIVE_ARCH = YES;
				SDKROOT = iphoneos;
				SWIFT_ACTIVE_COMPILATION_CONDITIONS = DEBUG;
				SWIFT_OPTIMIZATION_LEVEL = "-Onone";
			};
			name = Debug;
		};
		7E68D0B829F1BDEF00D0EE02 /* Release */ = {
			isa = XCBuildConfiguration;
			buildSettings = {
				ALWAYS_SEARCH_USER_PATHS = NO;
				CLANG_ANALYZER_NONNULL = YES;
				CLANG_ANALYZER_NUMBER_OBJECT_CONVERSION = YES_AGGRESSIVE;
				CLANG_CXX_LANGUAGE_STANDARD = "gnu++20";
				CLANG_ENABLE_MODULES = YES;
				CLANG_ENABLE_OBJC_ARC = YES;
				CLANG_ENABLE_OBJC_WEAK = YES;
				CLANG_WARN_BLOCK_CAPTURE_AUTORELEASING = YES;
				CLANG_WARN_BOOL_CONVERSION = YES;
				CLANG_WARN_COMMA = YES;
				CLANG_WARN_CONSTANT_CONVERSION = YES;
				CLANG_WARN_DEPRECATED_OBJC_IMPLEMENTATIONS = YES;
				CLANG_WARN_DIRECT_OBJC_ISA_USAGE = YES_ERROR;
				CLANG_WARN_DOCUMENTATION_COMMENTS = YES;
				CLANG_WARN_EMPTY_BODY = YES;
				CLANG_WARN_ENUM_CONVERSION = YES;
				CLANG_WARN_INFINITE_RECURSION = YES;
				CLANG_WARN_INT_CONVERSION = YES;
				CLANG_WARN_NON_LITERAL_NULL_CONVERSION = YES;
				CLANG_WARN_OBJC_IMPLICIT_RETAIN_SELF = YES;
				CLANG_WARN_OBJC_LITERAL_CONVERSION = YES;
				CLANG_WARN_OBJC_ROOT_CLASS = YES_ERROR;
				CLANG_WARN_QUOTED_INCLUDE_IN_FRAMEWORK_HEADER = YES;
				CLANG_WARN_RANGE_LOOP_ANALYSIS = YES;
				CLANG_WARN_STRICT_PROTOTYPES = YES;
				CLANG_WARN_SUSPICIOUS_MOVE = YES;
				CLANG_WARN_UNGUARDED_AVAILABILITY = YES_AGGRESSIVE;
				CLANG_WARN_UNREACHABLE_CODE = YES;
				CLANG_WARN__DUPLICATE_METHOD_MATCH = YES;
				COPY_PHASE_STRIP = NO;
				DEBUG_INFORMATION_FORMAT = "dwarf-with-dsym";
				ENABLE_NS_ASSERTIONS = NO;
				ENABLE_STRICT_OBJC_MSGSEND = YES;
				GCC_C_LANGUAGE_STANDARD = gnu11;
				GCC_NO_COMMON_BLOCKS = YES;
				GCC_WARN_64_TO_32_BIT_CONVERSION = YES;
				GCC_WARN_ABOUT_RETURN_TYPE = YES_ERROR;
				GCC_WARN_UNDECLARED_SELECTOR = YES;
				GCC_WARN_UNINITIALIZED_AUTOS = YES_AGGRESSIVE;
				GCC_WARN_UNUSED_FUNCTION = YES;
				GCC_WARN_UNUSED_VARIABLE = YES;
				IPHONEOS_DEPLOYMENT_TARGET = 14.0;
				MTL_ENABLE_DEBUG_INFO = NO;
				MTL_FAST_MATH = YES;
				SDKROOT = iphoneos;
				SWIFT_COMPILATION_MODE = wholemodule;
				SWIFT_OPTIMIZATION_LEVEL = "-O";
				VALIDATE_PRODUCT = YES;
			};
			name = Release;
		};
		7E68D0BA29F1BDEF00D0EE02 /* Debug */ = {
			isa = XCBuildConfiguration;
			buildSettings = {
				ASSETCATALOG_COMPILER_APPICON_NAME = AppIcon;
				ASSETCATALOG_COMPILER_GLOBAL_ACCENT_COLOR_NAME = AccentColor;
				ASSETCATALOG_COMPILER_INCLUDE_ALL_APPICON_ASSETS = NO;
				CODE_SIGN_STYLE = Automatic;
				CURRENT_PROJECT_VERSION = 1;
				DEVELOPMENT_ASSET_PATHS = "\"CaloriesApp/Preview Content\"";
				DEVELOPMENT_TEAM = 328QJG8DC6;
				ENABLE_PREVIEWS = YES;
				GENERATE_INFOPLIST_FILE = YES;
				INFOPLIST_KEY_UIApplicationSceneManifest_Generation = YES;
				INFOPLIST_KEY_UIApplicationSupportsIndirectInputEvents = YES;
				INFOPLIST_KEY_UILaunchScreen_Generation = YES;
				INFOPLIST_KEY_UIRequiresFullScreen = NO;
				INFOPLIST_KEY_UIStatusBarStyle = UIStatusBarStyleLightContent;
				INFOPLIST_KEY_UISupportedInterfaceOrientations = UIInterfaceOrientationPortrait;
				INFOPLIST_KEY_UISupportedInterfaceOrientations_iPad = "UIInterfaceOrientationLandscapeLeft UIInterfaceOrientationLandscapeRight UIInterfaceOrientationPortrait UIInterfaceOrientationPortraitUpsideDown";
				IPHONEOS_DEPLOYMENT_TARGET = 14.0;
				LD_RUNPATH_SEARCH_PATHS = (
					"$(inherited)",
					"@executable_path/Frameworks",
				);
				MARKETING_VERSION = 1.0;
				PRODUCT_BUNDLE_IDENTIFIER = danil.CaloriesApp;
				PRODUCT_NAME = "$(TARGET_NAME)";
				SWIFT_EMIT_LOC_STRINGS = YES;
				SWIFT_VERSION = 5.0;
				TARGETED_DEVICE_FAMILY = "1,2";
			};
			name = Debug;
		};
		7E68D0BB29F1BDEF00D0EE02 /* Release */ = {
			isa = XCBuildConfiguration;
			buildSettings = {
				ASSETCATALOG_COMPILER_APPICON_NAME = AppIcon;
				ASSETCATALOG_COMPILER_GLOBAL_ACCENT_COLOR_NAME = AccentColor;
				ASSETCATALOG_COMPILER_INCLUDE_ALL_APPICON_ASSETS = NO;
				CODE_SIGN_STYLE = Automatic;
				CURRENT_PROJECT_VERSION = 1;
				DEVELOPMENT_ASSET_PATHS = "\"CaloriesApp/Preview Content\"";
				DEVELOPMENT_TEAM = 328QJG8DC6;
				ENABLE_PREVIEWS = YES;
				GENERATE_INFOPLIST_FILE = YES;
				INFOPLIST_KEY_UIApplicationSceneManifest_Generation = YES;
				INFOPLIST_KEY_UIApplicationSupportsIndirectInputEvents = YES;
				INFOPLIST_KEY_UILaunchScreen_Generation = YES;
				INFOPLIST_KEY_UIRequiresFullScreen = NO;
				INFOPLIST_KEY_UIStatusBarStyle = UIStatusBarStyleLightContent;
				INFOPLIST_KEY_UISupportedInterfaceOrientations = UIInterfaceOrientationPortrait;
				INFOPLIST_KEY_UISupportedInterfaceOrientations_iPad = "UIInterfaceOrientationLandscapeLeft UIInterfaceOrientationLandscapeRight UIInterfaceOrientationPortrait UIInterfaceOrientationPortraitUpsideDown";
				IPHONEOS_DEPLOYMENT_TARGET = 14.0;
				LD_RUNPATH_SEARCH_PATHS = (
					"$(inherited)",
					"@executable_path/Frameworks",
				);
				MARKETING_VERSION = 1.0;
				PRODUCT_BUNDLE_IDENTIFIER = danil.CaloriesApp;
				PRODUCT_NAME = "$(TARGET_NAME)";
				SWIFT_EMIT_LOC_STRINGS = YES;
				SWIFT_VERSION = 5.0;
				TARGETED_DEVICE_FAMILY = "1,2";
			};
			name = Release;
		};
/* End XCBuildConfiguration section */

/* Begin XCConfigurationList section */
		7E4BD96F2A6E3C5000AB045E /* Build configuration list for PBXNativeTarget "CaloriesAppTests" */ = {
			isa = XCConfigurationList;
			buildConfigurations = (
				7E4BD9702A6E3C5000AB045E /* Debug */,
				7E4BD9712A6E3C5000AB045E /* Release */,
			);
			defaultConfigurationIsVisible = 0;
			defaultConfigurationName = Release;
		};
		7E68D0A629F1BDEE00D0EE02 /* Build configuration list for PBXProject "CaloriesApp" */ = {
			isa = XCConfigurationList;
			buildConfigurations = (
				7E68D0B729F1BDEF00D0EE02 /* Debug */,
				7E68D0B829F1BDEF00D0EE02 /* Release */,
			);
			defaultConfigurationIsVisible = 0;
			defaultConfigurationName = Release;
		};
		7E68D0B929F1BDEF00D0EE02 /* Build configuration list for PBXNativeTarget "CaloriesApp" */ = {
			isa = XCConfigurationList;
			buildConfigurations = (
				7E68D0BA29F1BDEF00D0EE02 /* Debug */,
				7E68D0BB29F1BDEF00D0EE02 /* Release */,
			);
			defaultConfigurationIsVisible = 0;
			defaultConfigurationName = Release;
		};
/* End XCConfigurationList section */

/* Begin XCRemoteSwiftPackageReference section */
		7E649CB52AAC8BC600291F17 /* XCRemoteSwiftPackageReference "CodeScanner" */ = {
			isa = XCRemoteSwiftPackageReference;
			repositoryURL = "https://github.com/twostraws/CodeScanner";
			requirement = {
				kind = upToNextMajorVersion;
				minimumVersion = 2.0.0;
			};
		};
		7E702DC129F3BD2A005FD4AB /* XCRemoteSwiftPackageReference "firebase-ios-sdk" */ = {
			isa = XCRemoteSwiftPackageReference;
			repositoryURL = "https://github.com/firebase/firebase-ios-sdk";
			requirement = {
				kind = upToNextMajorVersion;
				minimumVersion = 10.0.0;
			};
		};
		7E801A9829F958BD00AAB764 /* XCRemoteSwiftPackageReference "SlidingTabView" */ = {
			isa = XCRemoteSwiftPackageReference;
			repositoryURL = "https://github.com/QuynhNguyen/SlidingTabView";
			requirement = {
				kind = upToNextMajorVersion;
				minimumVersion = 1.0.0;
			};
		};
/* End XCRemoteSwiftPackageReference section */

/* Begin XCSwiftPackageProductDependency section */
		7E4BD9772A6E3E5400AB045E /* FirebaseAuth */ = {
			isa = XCSwiftPackageProductDependency;
			package = 7E702DC129F3BD2A005FD4AB /* XCRemoteSwiftPackageReference "firebase-ios-sdk" */;
			productName = FirebaseAuth;
		};
		7E649CB62AAC8BC600291F17 /* CodeScanner */ = {
			isa = XCSwiftPackageProductDependency;
			package = 7E649CB52AAC8BC600291F17 /* XCRemoteSwiftPackageReference "CodeScanner" */;
			productName = CodeScanner;
		};
		7E702DC229F3BD2A005FD4AB /* FirebaseAnalytics */ = {
			isa = XCSwiftPackageProductDependency;
			package = 7E702DC129F3BD2A005FD4AB /* XCRemoteSwiftPackageReference "firebase-ios-sdk" */;
			productName = FirebaseAnalytics;
		};
		7E702DC429F3BD2A005FD4AB /* FirebaseAuth */ = {
			isa = XCSwiftPackageProductDependency;
			package = 7E702DC129F3BD2A005FD4AB /* XCRemoteSwiftPackageReference "firebase-ios-sdk" */;
			productName = FirebaseAuth;
		};
		7E702DC629F3BD2A005FD4AB /* FirebaseDatabase */ = {
			isa = XCSwiftPackageProductDependency;
			package = 7E702DC129F3BD2A005FD4AB /* XCRemoteSwiftPackageReference "firebase-ios-sdk" */;
			productName = FirebaseDatabase;
		};
		7E702DC829F3BD2A005FD4AB /* FirebaseFirestore */ = {
			isa = XCSwiftPackageProductDependency;
			package = 7E702DC129F3BD2A005FD4AB /* XCRemoteSwiftPackageReference "firebase-ios-sdk" */;
			productName = FirebaseFirestore;
		};
		7E801A9929F958BD00AAB764 /* SlidingTabView */ = {
			isa = XCSwiftPackageProductDependency;
			package = 7E801A9829F958BD00AAB764 /* XCRemoteSwiftPackageReference "SlidingTabView" */;
			productName = SlidingTabView;
		};
/* End XCSwiftPackageProductDependency section */
	};
	rootObject = 7E68D0A329F1BDEE00D0EE02 /* Project object */;
}
